
Microsoft Visual Studio Solution File, Format Version 12.00
# Visual Studio Version 17
VisualStudioVersion = 17.14.36511.14
MinimumVisualStudioVersion = 10.0.40219.1
Project("{FAE04EC0-301F-11D3-BF4B-00C04F79EFBC}") = "Ujsag", "Ujsag\Ujsag.csproj", "{DED3FCCD-8DE6-4E0D-ADF9-F2DA400B0B26}"
EndProject
Project("{FAE04EC0-301F-11D3-BF4B-00C04F79EFBC}") = "Data", "Data\Data.csproj", "{88E8B70B-883E-492E-B570-FF9F660DD166}"
EndProject
Project("{FAE04EC0-301F-11D3-BF4B-00C04F79EFBC}") = "Client", "Client\Client.csproj", "{3E0487C6-FB6E-4C50-B7D4-3046581AE6C5}"
EndProject
Global
	GlobalSection(SolutionConfigurationPlatforms) = preSolution
		Debug|Any CPU = Debug|Any CPU
		Release|Any CPU = Release|Any CPU
	EndGlobalSection
	GlobalSection(ProjectConfigurationPlatforms) = postSolution
		{DED3FCCD-8DE6-4E0D-ADF9-F2DA400B0B26}.Debug|Any CPU.ActiveCfg = Debug|Any CPU
		{DED3FCCD-8DE6-4E0D-ADF9-F2DA400B0B26}.Debug|Any CPU.Build.0 = Debug|Any CPU
		{DED3FCCD-8DE6-4E0D-ADF9-F2DA400B0B26}.Release|Any CPU.ActiveCfg = Release|Any CPU
		{DED3FCCD-8DE6-4E0D-ADF9-F2DA400B0B26}.Release|Any CPU.Build.0 = Release|Any CPU
		{88E8B70B-883E-492E-B570-FF9F660DD166}.Debug|Any CPU.ActiveCfg = Debug|Any CPU
		{88E8B70B-883E-492E-B570-FF9F660DD166}.Debug|Any CPU.Build.0 = Debug|Any CPU
		{88E8B70B-883E-492E-B570-FF9F660DD166}.Release|Any CPU.ActiveCfg = Release|Any CPU
		{88E8B70B-883E-492E-B570-FF9F660DD166}.Release|Any CPU.Build.0 = Release|Any CPU
		{3E0487C6-FB6E-4C50-B7D4-3046581AE6C5}.Debug|Any CPU.ActiveCfg = Debug|Any CPU
		{3E0487C6-FB6E-4C50-B7D4-3046581AE6C5}.Debug|Any CPU.Build.0 = Debug|Any CPU
		{3E0487C6-FB6E-4C50-B7D4-3046581AE6C5}.Release|Any CPU.ActiveCfg = Release|Any CPU
		{3E0487C6-FB6E-4C50-B7D4-3046581AE6C5}.Release|Any CPU.Build.0 = Release|Any CPU
	EndGlobalSection
	GlobalSection(SolutionProperties) = preSolution
		HideSolutionNode = FALSE
	EndGlobalSection
	GlobalSection(ExtensibilityGlobals) = postSolution
		SolutionGuid = {D6228C04-A391-4DD8-BEC0-4CF4B86D151C}
	EndGlobalSection
EndGlobal
